
Microsoft Visual Studio Solution File, Format Version 12.00
# Visual Studio Version 16
VisualStudioVersion = 16.0.31205.134
MinimumVisualStudioVersion = 10.0.40219.1
Project("{8BC9CEB8-8B4A-11D0-8D11-00A0C91BC942}") = "CADProj", "CADProj\CADProj.vcxproj", "{15A9AE94-4E0F-4B3F-AE8A-4420FCD149DF}"
EndProject
Global
	GlobalSection(SolutionConfigurationPlatforms) = preSolution
		Debug|x64 = Debug|x64
		Debug|x86 = Debug|x86
		Release|x64 = Release|x64
		Release|x86 = Release|x86
	EndGlobalSection
	GlobalSection(ProjectConfigurationPlatforms) = postSolution
		{15A9AE94-4E0F-4B3F-AE8A-4420FCD149DF}.Debug|x64.ActiveCfg = Debug|x64
		{15A9AE94-4E0F-4B3F-AE8A-4420FCD149DF}.Debug|x64.Build.0 = Debug|x64
		{15A9AE94-4E0F-4B3F-AE8A-4420FCD149DF}.Debug|x86.ActiveCfg = Debug|Win32
		{15A9AE94-4E0F-4B3F-AE8A-4420FCD149DF}.Debug|x86.Build.0 = Debug|Win32
		{15A9AE94-4E0F-4B3F-AE8A-4420FCD149DF}.Release|x64.ActiveCfg = Release|x64
		{15A9AE94-4E0F-4B3F-AE8A-4420FCD149DF}.Release|x64.Build.0 = Release|x64
		{15A9AE94-4E0F-4B3F-AE8A-4420FCD149DF}.Release|x86.ActiveCfg = Release|Win32
		{15A9AE94-4E0F-4B3F-AE8A-4420FCD149DF}.Release|x86.Build.0 = Release|Win32
	EndGlobalSection
	GlobalSection(SolutionProperties) = preSolution
		HideSolutionNode = FALSE
	EndGlobalSection
	GlobalSection(ExtensibilityGlobals) = postSolution
		SolutionGuid = {971C9EDB-79ED-4496-A2F6-C22384C31429}
	EndGlobalSection
EndGlobal
